
Microsoft Visual Studio Solution File, Format Version 12.00
# Visual Studio Version 17
VisualStudioVersion = 17.4.33213.308
MinimumVisualStudioVersion = 10.0.40219.1
Project("{9A19103F-16F7-4668-BE54-9A1E7A4F7556}") = "Team3WebApp", "Team3WebApp\Team3WebApp.csproj", "{916E4621-DCBF-4444-BAB8-930514BD8D60}"
EndProject
Project("{9A19103F-16F7-4668-BE54-9A1E7A4F7556}") = "Team3DesktopApp", "Team3DesktopApp\Team3DesktopApp.csproj", "{A07F762A-3E39-43F8-9C83-9A285EB38B67}"
EndProject
Project("{9A19103F-16F7-4668-BE54-9A1E7A4F7556}") = "Team3DesktopAppTests", "Team3DesktopAppTests\Team3DesktopAppTests.csproj", "{3183BBF7-DD5B-40B7-B28F-ABD0F6973A5E}"
	ProjectSection(ProjectDependencies) = postProject
		{A07F762A-3E39-43F8-9C83-9A285EB38B67} = {A07F762A-3E39-43F8-9C83-9A285EB38B67}
	EndProjectSection
EndProject
Global
	GlobalSection(SolutionConfigurationPlatforms) = preSolution
		Debug|Any CPU = Debug|Any CPU
		Release|Any CPU = Release|Any CPU
	EndGlobalSection
	GlobalSection(ProjectConfigurationPlatforms) = postSolution
		{916E4621-DCBF-4444-BAB8-930514BD8D60}.Debug|Any CPU.ActiveCfg = Debug|Any CPU
		{916E4621-DCBF-4444-BAB8-930514BD8D60}.Debug|Any CPU.Build.0 = Debug|Any CPU
		{916E4621-DCBF-4444-BAB8-930514BD8D60}.Release|Any CPU.ActiveCfg = Release|Any CPU
		{916E4621-DCBF-4444-BAB8-930514BD8D60}.Release|Any CPU.Build.0 = Release|Any CPU
		{A07F762A-3E39-43F8-9C83-9A285EB38B67}.Debug|Any CPU.ActiveCfg = Debug|Any CPU
		{A07F762A-3E39-43F8-9C83-9A285EB38B67}.Debug|Any CPU.Build.0 = Debug|Any CPU
		{A07F762A-3E39-43F8-9C83-9A285EB38B67}.Release|Any CPU.ActiveCfg = Release|Any CPU
		{A07F762A-3E39-43F8-9C83-9A285EB38B67}.Release|Any CPU.Build.0 = Release|Any CPU
		{3183BBF7-DD5B-40B7-B28F-ABD0F6973A5E}.Debug|Any CPU.ActiveCfg = Debug|Any CPU
		{3183BBF7-DD5B-40B7-B28F-ABD0F6973A5E}.Debug|Any CPU.Build.0 = Debug|Any CPU
		{3183BBF7-DD5B-40B7-B28F-ABD0F6973A5E}.Release|Any CPU.ActiveCfg = Release|Any CPU
		{3183BBF7-DD5B-40B7-B28F-ABD0F6973A5E}.Release|Any CPU.Build.0 = Release|Any CPU
	EndGlobalSection
	GlobalSection(SolutionProperties) = preSolution
		HideSolutionNode = FALSE
	EndGlobalSection
	GlobalSection(ExtensibilityGlobals) = postSolution
		SolutionGuid = {53E58AEC-AA8D-498B-BF8A-1883244C9B2D}
	EndGlobalSection
EndGlobal
